{
  "version": 1,
  "dependencies": {
    "net10.0-windows7.0": {
      "DalamudPackager": {
        "type": "Direct",
        "requested": "[15.0.0, )",
        "resolved": "15.0.0",
        "contentHash": "411vwC8/X8Z/sQ2TI6v3SvOn66xFPeOjFn3Zn+h0d3Ox2t1kFm66AhDvmx/qcMwVrR+Hidxj0dadpQ2dgyXMBQ=="
      },
      "DotNet.ReproducibleBuilds": {
        "type": "Direct",
        "requested": "[1.2.39, )",
        "resolved": "1.2.39",
        "contentHash": "fcFN01tDTIQqDuTwr1jUQK/geofiwjG5DycJQOnC72i1SsLAk1ELe+apBOuZ11UMQG8YKFZG1FgvjZPbqHyatg=="
      },
      "HtmlAgilityPack": {
        "type": "Direct",
        "requested": "[1.12.4, )",
        "resolved": "1.12.4",
        "contentHash": "ljqvBabvFwKoLniuoQKO8b5bJfJweKLs4fUNS/V5dsvpo0A8MlJqxxn9XVmP2DaskbUXty6IYaWAi1SArGIMeQ=="
      },
      "Microsoft.ClearScript.V8": {
        "type": "Direct",
        "requested": "[7.5.1, )",
        "resolved": "7.5.1",
        "contentHash": "RflEJEMkidCKIOKALPwjvZXjjIUrIjgyXhgiyfrb8Ybnd2yxmNct7DOX3eWQYuHCyDe+wuTYBZaj3XaAlDMNDg==",
        "dependencies": {
          "Microsoft.ClearScript.Core": "7.5.1",
          "Microsoft.ClearScript.V8.ICUData": "7.5.1",
          "Newtonsoft.Json": "13.0.3"
        }
      },
      "Microsoft.ClearScript.V8.Native.win-x64": {
        "type": "Direct",
        "requested": "[7.5.1, )",
        "resolved": "7.5.1",
        "contentHash": "fkCJta+xF2W3+L6NwRzqIV0VYD/WVcrZHyxgbOe5iTl321Td0w5loBWGVXlgG5fsuv2FEcba1GLE1CbeJrzMRw=="
      },
      "Microsoft.ClearScript.Core": {
        "type": "Transitive",
        "resolved": "7.5.1",
        "contentHash": "GuCo9rODubVJGR/cTS4+PIfLsXBz2JUtrUg3II3i+vb1GI0WWO4SLGZfnixtALeKhgBP+5hiKRE3pdmkC4pgFg=="
      },
      "Microsoft.ClearScript.V8.ICUData": {
        "type": "Transitive",
        "resolved": "7.5.1",
        "contentHash": "QuyrzwPU54Np1zxF8NVKQjPghCGs3WEaEsgYWfdCwBHKWLjprtkKH1dl0+lE0gf8hkGalAOH5B5wOctrZ6jEoA=="
      },
      "Newtonsoft.Json": {
        "type": "Transitive",
        "resolved": "13.0.3",
        "contentHash": "HrC5BXdl00IP9zeV+0Z848QWPAoCr9P3bDEZguI+gkLcBKAOxix/tLEAAHC+UvDNPv4a2d18lOReHMOagPa+zQ=="
      }
    }
  }
}